
Microsoft Visual Studio Solution File, Format Version 12.00
# Visual Studio Version 16
VisualStudioVersion = 16.0.29424.173
MinimumVisualStudioVersion = 10.0.40219.1
Project("{FAE04EC0-301F-11D3-BF4B-00C04F79EFBC}") = "Md5VsSha256", "Md5VsSha256\Md5VsSha256.csproj", "{B7722463-7831-4BD8-BC64-3775C6038D1A}"
EndProject
Global
	GlobalSection(SolutionConfigurationPlatforms) = preSolution
		Debug|Any CPU = Debug|Any CPU
		Release|Any CPU = Release|Any CPU
	EndGlobalSection
	GlobalSection(ProjectConfigurationPlatforms) = postSolution
		{B7722463-7831-4BD8-BC64-3775C6038D1A}.Debug|Any CPU.ActiveCfg = Debug|Any CPU
		{B7722463-7831-4BD8-BC64-3775C6038D1A}.Debug|Any CPU.Build.0 = Debug|Any CPU
		{B7722463-7831-4BD8-BC64-3775C6038D1A}.Release|Any CPU.ActiveCfg = Release|Any CPU
		{B7722463-7831-4BD8-BC64-3775C6038D1A}.Release|Any CPU.Build.0 = Release|Any CPU
	EndGlobalSection
	GlobalSection(SolutionProperties) = preSolution
		HideSolutionNode = FALSE
	EndGlobalSection
	GlobalSection(ExtensibilityGlobals) = postSolution
		SolutionGuid = {EB03F430-B591-4EDB-8631-B361FDFE2BF7}
	EndGlobalSection
EndGlobal
